
Microsoft Visual Studio Solution File, Format Version 12.00
# Visual Studio Version 16
VisualStudioVersion = 16.0.31112.23
MinimumVisualStudioVersion = 10.0.40219.1
Project("{FAE04EC0-301F-11D3-BF4B-00C04F79EFBC}") = "DataAccess", "DataAccess\DataAccess.csproj", "{57CA9E53-548F-4AE7-A834-47F7A4C44122}"
EndProject
Project("{FAE04EC0-301F-11D3-BF4B-00C04F79EFBC}") = "ConsoleUI", "ConsoleUI\ConsoleUI.csproj", "{77876382-096B-4C16-896A-AAF93105ACC9}"
EndProject
Project("{FAE04EC0-301F-11D3-BF4B-00C04F79EFBC}") = "Business", "Business\Business.csproj", "{0A31556C-26A8-4911-B6C8-4F03E3A25DD8}"
EndProject
Project("{FAE04EC0-301F-11D3-BF4B-00C04F79EFBC}") = "Entities", "Entities\Entities.csproj", "{B27E2691-6135-443E-8D0E-FBE2C8B8DC45}"
EndProject
Global
	GlobalSection(SolutionConfigurationPlatforms) = preSolution
		Debug|Any CPU = Debug|Any CPU
		Release|Any CPU = Release|Any CPU
	EndGlobalSection
	GlobalSection(ProjectConfigurationPlatforms) = postSolution
		{57CA9E53-548F-4AE7-A834-47F7A4C44122}.Debug|Any CPU.ActiveCfg = Debug|Any CPU
		{57CA9E53-548F-4AE7-A834-47F7A4C44122}.Debug|Any CPU.Build.0 = Debug|Any CPU
		{57CA9E53-548F-4AE7-A834-47F7A4C44122}.Release|Any CPU.ActiveCfg = Release|Any CPU
		{57CA9E53-548F-4AE7-A834-47F7A4C44122}.Release|Any CPU.Build.0 = Release|Any CPU
		{77876382-096B-4C16-896A-AAF93105ACC9}.Debug|Any CPU.ActiveCfg = Debug|Any CPU
		{77876382-096B-4C16-896A-AAF93105ACC9}.Debug|Any CPU.Build.0 = Debug|Any CPU
		{77876382-096B-4C16-896A-AAF93105ACC9}.Release|Any CPU.ActiveCfg = Release|Any CPU
		{77876382-096B-4C16-896A-AAF93105ACC9}.Release|Any CPU.Build.0 = Release|Any CPU
		{0A31556C-26A8-4911-B6C8-4F03E3A25DD8}.Debug|Any CPU.ActiveCfg = Debug|Any CPU
		{0A31556C-26A8-4911-B6C8-4F03E3A25DD8}.Debug|Any CPU.Build.0 = Debug|Any CPU
		{0A31556C-26A8-4911-B6C8-4F03E3A25DD8}.Release|Any CPU.ActiveCfg = Release|Any CPU
		{0A31556C-26A8-4911-B6C8-4F03E3A25DD8}.Release|Any CPU.Build.0 = Release|Any CPU
		{B27E2691-6135-443E-8D0E-FBE2C8B8DC45}.Debug|Any CPU.ActiveCfg = Debug|Any CPU
		{B27E2691-6135-443E-8D0E-FBE2C8B8DC45}.Debug|Any CPU.Build.0 = Debug|Any CPU
		{B27E2691-6135-443E-8D0E-FBE2C8B8DC45}.Release|Any CPU.ActiveCfg = Release|Any CPU
		{B27E2691-6135-443E-8D0E-FBE2C8B8DC45}.Release|Any CPU.Build.0 = Release|Any CPU
	EndGlobalSection
	GlobalSection(SolutionProperties) = preSolution
		HideSolutionNode = FALSE
	EndGlobalSection
	GlobalSection(ExtensibilityGlobals) = postSolution
		SolutionGuid = {C3A626D5-5F16-44B5-B3F4-93700E62D1C6}
	EndGlobalSection
EndGlobal
